// !$*UTF8*$!
{
	archiveVersion = 1;
	classes = {
	};
	objectVersion = 55;
	objects = {

/* Begin PBXBuildFile section */
		85CC1E3527F6B3EF003F4885 /* AppDelegate.swift in Sources */ = {isa = PBXBuildFile; fileRef = 85CC1E3427F6B3EF003F4885 /* AppDelegate.swift */; };
		85CC1E3727F6B3EF003F4885 /* SceneDelegate.swift in Sources */ = {isa = PBXBuildFile; fileRef = 85CC1E3627F6B3EF003F4885 /* SceneDelegate.swift */; };
		85CC1E3927F6B3EF003F4885 /* ViewController.swift in Sources */ = {isa = PBXBuildFile; fileRef = 85CC1E3827F6B3EF003F4885 /* ViewController.swift */; };
		85CC1E3C27F6B3EF003F4885 /* Main.storyboard in Resources */ = {isa = PBXBuildFile; fileRef = 85CC1E3A27F6B3EF003F4885 /* Main.storyboard */; };
		85CC1E3E27F6B3F3003F4885 /* Assets.xcassets in Resources */ = {isa = PBXBuildFile; fileRef = 85CC1E3D27F6B3F3003F4885 /* Assets.xcassets */; };
		85CC1E4127F6B3F3003F4885 /* LaunchScreen.storyboard in Resources */ = {isa = PBXBuildFile; fileRef = 85CC1E3F27F6B3F3003F4885 /* LaunchScreen.storyboard */; };
		85CC1E4C27F6B3F3003F4885 /* HelloWorldTests.swift in Sources */ = {isa = PBXBuildFile; fileRef = 85CC1E4B27F6B3F3003F4885 /* HelloWorldTests.swift */; };
		85CC1E5627F6B3F3003F4885 /* HelloWorldUITests.swift in Sources */ = {isa = PBXBuildFile; fileRef = 85CC1E5527F6B3F3003F4885 /* HelloWorldUITests.swift */; };
		85CC1E5827F6B3F3003F4885 /* HelloWorldUITestsLaunchTests.swift in Sources */ = {isa = PBXBuildFile; fileRef = 85CC1E5727F6B3F3003F4885 /* HelloWorldUITestsLaunchTests.swift */; };
/* End PBXBuildFile section */

/* Begin PBXContainerItemProxy section */
		85CC1E4827F6B3F3003F4885 /* PBXContainerItemProxy */ = {
			isa = PBXContainerItemProxy;
			containerPortal = 85CC1E2927F6B3EF003F4885 /* Project object */;
			proxyType = 1;
			remoteGlobalIDString = 85CC1E3027F6B3EF003F4885;
			remoteInfo = HelloWorld;
		};
		85CC1E5227F6B3F3003F4885 /* PBXContainerItemProxy */ = {
			isa = PBXContainerItemProxy;
			containerPortal = 85CC1E2927F6B3EF003F4885 /* Project object */;
			proxyType = 1;
			remoteGlobalIDString = 85CC1E3027F6B3EF003F4885;
			remoteInfo = HelloWorld;
		};
/* End PBXContainerItemProxy section */

/* Begin PBXFileReference section */
		85CC1E3127F6B3EF003F4885 /* HelloWorld.app */ = {isa = PBXFileReference; explicitFileType = wrapper.application; includeInIndex = 0; path = HelloWorld.app; sourceTree = BUILT_PRODUCTS_DIR; };
		85CC1E3427F6B3EF003F4885 /* AppDelegate.swift */ = {isa = PBXFileReference; lastKnownFileType = sourcecode.swift; path = AppDelegate.swift; sourceTree = "<group>"; };
		85CC1E3627F6B3EF003F4885 /* SceneDelegate.swift */ = {isa = PBXFileReference; lastKnownFileType = sourcecode.swift; path = SceneDelegate.swift; sourceTree = "<group>"; };
		85CC1E3827F6B3EF003F4885 /* ViewController.swift */ = {isa = PBXFileReference; lastKnownFileType = sourcecode.swift; path = ViewController.swift; sourceTree = "<group>"; };
		85CC1E3B27F6B3EF003F4885 /* Base */ = {isa = PBXFileReference; lastKnownFileType = file.storyboard; name = Base; path = Base.lproj/Main.storyboard; sourceTree = "<group>"; };
		85CC1E3D27F6B3F3003F4885 /* Assets.xcassets */ = {isa = PBXFileReference; lastKnownFileType = folder.assetcatalog; path = Assets.xcassets; sourceTree = "<group>"; };
		85CC1E4027F6B3F3003F4885 /* Base */ = {isa = PBXFileReference; lastKnownFileType = file.storyboard; name = Base; path = Base.lproj/LaunchScreen.storyboard; sourceTree = "<group>"; };
		85CC1E4227F6B3F3003F4885 /* Info.plist */ = {isa = PBXFileReference; lastKnownFileType = text.plist.xml; path = Info.plist; sourceTree = "<group>"; };
		85CC1E4727F6B3F3003F4885 /* HelloWorldTests.xctest */ = {isa = PBXFileReference; explicitFileType = wrapper.cfbundle; includeInIndex = 0; path = HelloWorldTests.xctest; sourceTree = BUILT_PRODUCTS_DIR; };
		85CC1E4B27F6B3F3003F4885 /* HelloWorldTests.swift */ = {isa = PBXFileReference; lastKnownFileType = sourcecode.swift; path = HelloWorldTests.swift; sourceTree = "<group>"; };
		85CC1E5127F6B3F3003F4885 /* HelloWorldUITests.xctest */ = {isa = PBXFileReference; explicitFileType = wrapper.cfbundle; includeInIndex = 0; path = HelloWorldUITests.xctest; sourceTree = BUILT_PRODUCTS_DIR; };
		85CC1E5527F6B3F3003F4885 /* HelloWorldUITests.swift */ = {isa = PBXFileReference; lastKnownFileType = sourcecode.swift; path = HelloWorldUITests.swift; sourceTree = "<group>"; };
		85CC1E5727F6B3F3003F4885 /* HelloWorldUITestsLaunchTests.swift */ = {isa = PBXFileReference; lastKnownFileType = sourcecode.swift; path = HelloWorldUITestsLaunchTests.swift; sourceTree = "<group>"; };
/* End PBXFileReference section */

/* Begin PBXFrameworksBuildPhase section */
		85CC1E2E27F6B3EF003F4885 /* Frameworks */ = {
			isa = PBXFrameworksBuildPhase;
			buildActionMask = 2147483647;
			files = (
			);
			runOnlyForDeploymentPostprocessing = 0;
		};
		85CC1E4427F6B3F3003F4885 /* Frameworks */ = {
			isa = PBXFrameworksBuildPhase;
			buildActionMask = 2147483647;
			files = (
			);
			runOnlyForDeploymentPostprocessing = 0;
		};
		85CC1E4E27F6B3F3003F4885 /* Frameworks */ = {
			isa = PBXFrameworksBuildPhase;
			buildActionMask = 2147483647;
			files = (
			);
			runOnlyForDeploymentPostprocessing = 0;
		};
/* End PBXFrameworksBuildPhase section */

/* Begin PBXGroup section */
		85CC1E2827F6B3EF003F4885 = {
			isa = PBXGroup;
			children = (
				85CC1E3327F6B3EF003F4885 /* HelloWorld */,
				85CC1E4A27F6B3F3003F4885 /* HelloWorldTests */,
				85CC1E5427F6B3F3003F4885 /* HelloWorldUITests */,
				85CC1E3227F6B3EF003F4885 /* Products */,
			);
			sourceTree = "<group>";
		};
		85CC1E3227F6B3EF003F4885 /* Products */ = {
			isa = PBXGroup;
			children = (
				85CC1E3127F6B3EF003F4885 /* HelloWorld.app */,
				85CC1E4727F6B3F3003F4885 /* HelloWorldTests.xctest */,
				85CC1E5127F6B3F3003F4885 /* HelloWorldUITests.xctest */,
			);
			name = Products;
			sourceTree = "<group>";
		};
		85CC1E3327F6B3EF003F4885 /* HelloWorld */ = {
			isa = PBXGroup;
			children = (
				85CC1E3427F6B3EF003F4885 /* AppDelegate.swift */,
				85CC1E3627F6B3EF003F4885 /* SceneDelegate.swift */,
				85CC1E3827F6B3EF003F4885 /* ViewController.swift */,
				85CC1E3A27F6B3EF003F4885 /* Main.storyboard */,
				85CC1E3D27F6B3F3003F4885 /* Assets.xcassets */,
				85CC1E3F27F6B3F3003F4885 /* LaunchScreen.storyboard */,
				85CC1E4227F6B3F3003F4885 /* Info.plist */,
			);
			path = HelloWorld;
			sourceTree = "<group>";
		};
		85CC1E4A27F6B3F3003F4885 /* HelloWorldTests */ = {
			isa = PBXGroup;
			children = (
				85CC1E4B27F6B3F3003F4885 /* HelloWorldTests.swift */,
			);
			path = HelloWorldTests;
			sourceTree = "<group>";
		};
		85CC1E5427F6B3F3003F4885 /* HelloWorldUITests */ = {
			isa = PBXGroup;
			children = (
				85CC1E5527F6B3F3003F4885 /* HelloWorldUITests.swift */,
				85CC1E5727F6B3F3003F4885 /* HelloWorldUITestsLaunchTests.swift */,
			);
			path = HelloWorldUITests;
			sourceTree = "<group>";
		};
/* End PBXGroup section */

/* Begin PBXNativeTarget section */
		85CC1E3027F6B3EF003F4885 /* HelloWorld */ = {
			isa = PBXNativeTarget;
			buildConfigurationList = 85CC1E5B27F6B3F3003F4885 /* Build configuration list for PBXNativeTarget "HelloWorld" */;
			buildPhases = (
				85CC1E2D27F6B3EF003F4885 /* Sources */,
				85CC1E2E27F6B3EF003F4885 /* Frameworks */,
				85CC1E2F27F6B3EF003F4885 /* Resources */,
			);
			buildRules = (
			);
			dependencies = (
			);
			name = HelloWorld;
			productName = HelloWorld;
			productReference = 85CC1E3127F6B3EF003F4885 /* HelloWorld.app */;
			productType = "com.apple.product-type.application";
		};
		85CC1E4627F6B3F3003F4885 /* HelloWorldTests */ = {
			isa = PBXNativeTarget;
			buildConfigurationList = 85CC1E5E27F6B3F3003F4885 /* Build configuration list for PBXNativeTarget "HelloWorldTests" */;
			buildPhases = (
				85CC1E4327F6B3F3003F4885 /* Sources */,
				85CC1E4427F6B3F3003F4885 /* Frameworks */,
				85CC1E4527F6B3F3003F4885 /* Resources */,
			);
			buildRules = (
			);
			dependencies = (
				85CC1E4927F6B3F3003F4885 /* PBXTargetDependency */,
			);
			name = HelloWorldTests;
			productName = HelloWorldTests;
			productReference = 85CC1E4727F6B3F3003F4885 /* HelloWorldTests.xctest */;
			productType = "com.apple.product-type.bundle.unit-test";
		};
		85CC1E5027F6B3F3003F4885 /* HelloWorldUITests */ = {
			isa = PBXNativeTarget;
			buildConfigurationList = 85CC1E6127F6B3F3003F4885 /* Build configuration list for PBXNativeTarget "HelloWorldUITests" */;
			buildPhases = (
				85CC1E4D27F6B3F3003F4885 /* Sources */,
				85CC1E4E27F6B3F3003F4885 /* Frameworks */,
				85CC1E4F27F6B3F3003F4885 /* Resources */,
			);
			buildRules = (
			);
			dependencies = (
				85CC1E5327F6B3F3003F4885 /* PBXTargetDependency */,
			);
			name = HelloWorldUITests;
			productName = HelloWorldUITests;
			productReference = 85CC1E5127F6B3F3003F4885 /* HelloWorldUITests.xctest */;
			productType = "com.apple.product-type.bundle.ui-testing";
		};
/* End PBXNativeTarget section */

/* Begin PBXProject section */
		85CC1E2927F6B3EF003F4885 /* Project object */ = {
			isa = PBXProject;
			attributes = {
				BuildIndependentTargetsInParallel = 1;
				LastSwiftUpdateCheck = 1330;
				LastUpgradeCheck = 1330;
				TargetAttributes = {
					85CC1E3027F6B3EF003F4885 = {
						CreatedOnToolsVersion = 13.3;
					};
					85CC1E4627F6B3F3003F4885 = {
						CreatedOnToolsVersion = 13.3;
						TestTargetID = 85CC1E3027F6B3EF003F4885;
					};
					85CC1E5027F6B3F3003F4885 = {
						CreatedOnToolsVersion = 13.3;
						TestTargetID = 85CC1E3027F6B3EF003F4885;
					};
				};
			};
			buildConfigurationList = 85CC1E2C27F6B3EF003F4885 /* Build configuration list for PBXProject "HelloWorld" */;
			compatibilityVersion = "Xcode 13.0";
			developmentRegion = en;
			hasScannedForEncodings = 0;
			knownRegions = (
				en,
				Base,
			);
			mainGroup = 85CC1E2827F6B3EF003F4885;
			productRefGroup = 85CC1E3227F6B3EF003F4885 /* Products */;
			projectDirPath = "";
			projectRoot = "";
			targets = (
				85CC1E3027F6B3EF003F4885 /* HelloWorld */,
				85CC1E4627F6B3F3003F4885 /* HelloWorldTests */,
				85CC1E5027F6B3F3003F4885 /* HelloWorldUITests */,
			);
		};
/* End PBXProject section */

/* Begin PBXResourcesBuildPhase section */
		85CC1E2F27F6B3EF003F4885 /* Resources */ = {
			isa = PBXResourcesBuildPhase;
			buildActionMask = 2147483647;
			files = (
				85CC1E4127F6B3F3003F4885 /* LaunchScreen.storyboard in Resources */,
				85CC1E3E27F6B3F3003F4885 /* Assets.xcassets in Resources */,
				85CC1E3C27F6B3EF003F4885 /* Main.storyboard in Resources */,
			);
			runOnlyForDeploymentPostprocessing = 0;
		};
		85CC1E4527F6B3F3003F4885 /* Resources */ = {
			isa = PBXResourcesBuildPhase;
			buildActionMask = 2147483647;
			files = (
			);
			runOnlyForDeploymentPostprocessing = 0;
		};
		85CC1E4F27F6B3F3003F4885 /* Resources */ = {
			isa = PBXResourcesBuildPhase;
			buildActionMask = 2147483647;
			files = (
			);
			runOnlyForDeploymentPostprocessing = 0;
		};
/* End PBXResourcesBuildPhase section */

/* Begin PBXSourcesBuildPhase section */
		85CC1E2D27F6B3EF003F4885 /* Sources */ = {
			isa = PBXSourcesBuildPhase;
			buildActionMask = 2147483647;
			files = (
				85CC1E3927F6B3EF003F4885 /* ViewController.swift in Sources */,
				85CC1E3527F6B3EF003F4885 /* AppDelegate.swift in Sources */,
				85CC1E3727F6B3EF003F4885 /* SceneDelegate.swift in Sources */,
			);
			runOnlyForDeploymentPostprocessing = 0;
		};
		85CC1E4327F6B3F3003F4885 /* Sources */ = {
			isa = PBXSourcesBuildPhase;
			buildActionMask = 2147483647;
			files = (
				85CC1E4C27F6B3F3003F4885 /* HelloWorldTests.swift in Sources */,
			);
			runOnlyForDeploymentPostprocessing = 0;
		};
		85CC1E4D27F6B3F3003F4885 /* Sources */ = {
			isa = PBXSourcesBuildPhase;
			buildActionMask = 2147483647;
			files = (
				85CC1E5827F6B3F3003F4885 /* HelloWorldUITestsLaunchTests.swift in Sources */,
				85CC1E5627F6B3F3003F4885 /* HelloWorldUITests.swift in Sources */,
			);
			runOnlyForDeploymentPostprocessing = 0;
		};
/* End PBXSourcesBuildPhase section */

/* Begin PBXTargetDependency section */
		85CC1E4927F6B3F3003F4885 /* PBXTargetDependency */ = {
			isa = PBXTargetDependency;
			target = 85CC1E3027F6B3EF003F4885 /* HelloWorld */;
			targetProxy = 85CC1E4827F6B3F3003F4885 /* PBXContainerItemProxy */;
		};
		85CC1E5327F6B3F3003F4885 /* PBXTargetDependency */ = {
			isa = PBXTargetDependency;
			target = 85CC1E3027F6B3EF003F4885 /* HelloWorld */;
			targetProxy = 85CC1E5227F6B3F3003F4885 /* PBXContainerItemProxy */;
		};
/* End PBXTargetDependency section */

/* Begin PBXVariantGroup section */
		85CC1E3A27F6B3EF003F4885 /* Main.storyboard */ = {
			isa = PBXVariantGroup;
			children = (
				85CC1E3B27F6B3EF003F4885 /* Base */,
			);
			name = Main.storyboard;
			sourceTree = "<group>";
		};
		85CC1E3F27F6B3F3003F4885 /* LaunchScreen.storyboard */ = {
			isa = PBXVariantGroup;
			children = (
				85CC1E4027F6B3F3003F4885 /* Base */,
			);
			name = LaunchScreen.storyboard;
			sourceTree = "<group>";
		};
/* End PBXVariantGroup section */

/* Begin XCBuildConfiguration section */
		85CC1E5927F6B3F3003F4885 /* Debug */ = {
			isa = XCBuildConfiguration;
			buildSettings = {
				ALWAYS_SEARCH_USER_PATHS = NO;
				CLANG_ANALYZER_NONNULL = YES;
				CLANG_ANALYZER_NUMBER_OBJECT_CONVERSION = YES_AGGRESSIVE;
				CLANG_CXX_LANGUAGE_STANDARD = "gnu++17";
				CLANG_ENABLE_MODULES = YES;
				CLANG_ENABLE_OBJC_ARC = YES;
				CLANG_ENABLE_OBJC_WEAK = YES;
				CLANG_WARN_BLOCK_CAPTURE_AUTORELEASING = YES;
				CLANG_WARN_BOOL_CONVERSION = YES;
				CLANG_WARN_COMMA = YES;
				CLANG_WARN_CONSTANT_CONVERSION = YES;
				CLANG_WARN_DEPRECATED_OBJC_IMPLEMENTATIONS = YES;
				CLANG_WARN_DIRECT_OBJC_ISA_USAGE = YES_ERROR;
				CLANG_WARN_DOCUMENTATION_COMMENTS = YES;
				CLANG_WARN_EMPTY_BODY = YES;
				CLANG_WARN_ENUM_CONVERSION = YES;
				CLANG_WARN_INFINITE_RECURSION = YES;
				CLANG_WARN_INT_CONVERSION = YES;
				CLANG_WARN_NON_LITERAL_NULL_CONVERSION = YES;
				CLANG_WARN_OBJC_IMPLICIT_RETAIN_SELF = YES;
				CLANG_WARN_OBJC_LITERAL_CONVERSION = YES;
				CLANG_WARN_OBJC_ROOT_CLASS = YES_ERROR;
				CLANG_WARN_QUOTED_INCLUDE_IN_FRAMEWORK_HEADER = YES;
				CLANG_WARN_RANGE_LOOP_ANALYSIS = YES;
				CLANG_WARN_STRICT_PROTOTYPES = YES;
				CLANG_WARN_SUSPICIOUS_MOVE = YES;
				CLANG_WARN_UNGUARDED_AVAILABILITY = YES_AGGRESSIVE;
				CLANG_WARN_UNREACHABLE_CODE = YES;
				CLANG_WARN__DUPLICATE_METHOD_MATCH = YES;
				COPY_PHASE_STRIP = NO;
				DEBUG_INFORMATION_FORMAT = dwarf;
				ENABLE_STRICT_OBJC_MSGSEND = YES;
				ENABLE_TESTABILITY = YES;
				GCC_C_LANGUAGE_STANDARD = gnu11;
				GCC_DYNAMIC_NO_PIC = NO;
				GCC_NO_COMMON_BLOCKS = YES;
				GCC_OPTIMIZATION_LEVEL = 0;
				GCC_PREPROCESSOR_DEFINITIONS = (
					"DEBUG=1",
					"$(inherited)",
				);
				GCC_WARN_64_TO_32_BIT_CONVERSION = YES;
				GCC_WARN_ABOUT_RETURN_TYPE = YES_ERROR;
				GCC_WARN_UNDECLARED_SELECTOR = YES;
				GCC_WARN_UNINITIALIZED_AUTOS = YES_AGGRESSIVE;
				GCC_WARN_UNUSED_FUNCTION = YES;
				GCC_WARN_UNUSED_VARIABLE = YES;
				IPHONEOS_DEPLOYMENT_TARGET = 15.4;
				MTL_ENABLE_DEBUG_INFO = INCLUDE_SOURCE;
				MTL_FAST_MATH = YES;
				ONLY_ACTIVE_ARCH = YES;
				SDKROOT = iphoneos;
				SWIFT_ACTIVE_COMPILATION_CONDITIONS = DEBUG;
				SWIFT_OPTIMIZATION_LEVEL = "-Onone";
			};
			name = Debug;
		};
		85CC1E5A27F6B3F3003F4885 /* Release */ = {
			isa = XCBuildConfiguration;
			buildSettings = {
				ALWAYS_SEARCH_USER_PATHS = NO;
				CLANG_ANALYZER_NONNULL = YES;
				CLANG_ANALYZER_NUMBER_OBJECT_CONVERSION = YES_AGGRESSIVE;
				CLANG_CXX_LANGUAGE_STANDARD = "gnu++17";
				CLANG_ENABLE_MODULES = YES;
				CLANG_ENABLE_OBJC_ARC = YES;
				CLANG_ENABLE_OBJC_WEAK = YES;
				CLANG_WARN_BLOCK_CAPTURE_AUTORELEASING = YES;
				CLANG_WARN_BOOL_CONVERSION = YES;
				CLANG_WARN_COMMA = YES;
				CLANG_WARN_CONSTANT_CONVERSION = YES;
				CLANG_WARN_DEPRECATED_OBJC_IMPLEMENTATIONS = YES;
				CLANG_WARN_DIRECT_OBJC_ISA_USAGE = YES_ERROR;
				CLANG_WARN_DOCUMENTATION_COMMENTS = YES;
				CLANG_WARN_EMPTY_BODY = YES;
				CLANG_WARN_ENUM_CONVERSION = YES;
				CLANG_WARN_INFINITE_RECURSION = YES;
				CLANG_WARN_INT_CONVERSION = YES;
				CLANG_WARN_NON_LITERAL_NULL_CONVERSION = YES;
				CLANG_WARN_OBJC_IMPLICIT_RETAIN_SELF = YES;
				CLANG_WARN_OBJC_LITERAL_CONVERSION = YES;
				CLANG_WARN_OBJC_ROOT_CLASS = YES_ERROR;
				CLANG_WARN_QUOTED_INCLUDE_IN_FRAMEWORK_HEADER = YES;
				CLANG_WARN_RANGE_LOOP_ANALYSIS = YES;
				CLANG_WARN_STRICT_PROTOTYPES = YES;
				CLANG_WARN_SUSPICIOUS_MOVE = YES;
				CLANG_WARN_UNGUARDED_AVAILABILITY = YES_AGGRESSIVE;
				CLANG_WARN_UNREACHABLE_CODE = YES;
				CLANG_WARN__DUPLICATE_METHOD_MATCH = YES;
				COPY_PHASE_STRIP = NO;
				DEBUG_INFORMATION_FORMAT = "dwarf-with-dsym";
				ENABLE_NS_ASSERTIONS = NO;
				ENABLE_STRICT_OBJC_MSGSEND = YES;
				GCC_C_LANGUAGE_STANDARD = gnu11;
				GCC_NO_COMMON_BLOCKS = YES;
				GCC_WARN_64_TO_32_BIT_CONVERSION = YES;
				GCC_WARN_ABOUT_RETURN_TYPE = YES_ERROR;
				GCC_WARN_UNDECLARED_SELECTOR = YES;
				GCC_WARN_UNINITIALIZED_AUTOS = YES_AGGRESSIVE;
				GCC_WARN_UNUSED_FUNCTION = YES;
				GCC_WARN_UNUSED_VARIABLE = YES;
				IPHONEOS_DEPLOYMENT_TARGET = 15.4;
				MTL_ENABLE_DEBUG_INFO = NO;
				MTL_FAST_MATH = YES;
				SDKROOT = iphoneos;
				SWIFT_COMPILATION_MODE = wholemodule;
				SWIFT_OPTIMIZATION_LEVEL = "-O";
				VALIDATE_PRODUCT = YES;
			};
			name = Release;
		};
		85CC1E5C27F6B3F3003F4885 /* Debug */ = {
			isa = XCBuildConfiguration;
			buildSettings = {
				ASSETCATALOG_COMPILER_APPICON_NAME = AppIcon;
				ASSETCATALOG_COMPILER_GLOBAL_ACCENT_COLOR_NAME = AccentColor;
				CODE_SIGN_STYLE = Automatic;
				CURRENT_PROJECT_VERSION = 1;
				DEVELOPMENT_TEAM = YLC6VMTL46;
				GENERATE_INFOPLIST_FILE = YES;
				INFOPLIST_FILE = HelloWorld/Info.plist;
				INFOPLIST_KEY_CFBundleDisplayName = Hello;
				INFOPLIST_KEY_UIApplicationSupportsIndirectInputEvents = YES;
				INFOPLIST_KEY_UILaunchStoryboardName = LaunchScreen;
				INFOPLIST_KEY_UIMainStoryboardFile = Main;
				INFOPLIST_KEY_UISupportedInterfaceOrientations_iPad = "UIInterfaceOrientationPortrait UIInterfaceOrientationPortraitUpsideDown UIInterfaceOrientationLandscapeLeft UIInterfaceOrientationLandscapeRight";
				INFOPLIST_KEY_UISupportedInterfaceOrientations_iPhone = "UIInterfaceOrientationPortrait UIInterfaceOrientationLandscapeLeft UIInterfaceOrientationLandscapeRight";
				LD_RUNPATH_SEARCH_PATHS = (
					"$(inherited)",
					"@executable_path/Frameworks",
				);
				MARKETING_VERSION = 1.0;
				PRODUCT_BUNDLE_IDENTIFIER = com.amayakejriwal.HelloWorld;
				PRODUCT_NAME = "$(TARGET_NAME)";
				SWIFT_EMIT_LOC_STRINGS = YES;
				SWIFT_VERSION = 5.0;
				TARGETED_DEVICE_FAMILY = "1,2";
			};
			name = Debug;
		};
		85CC1E5D27F6B3F3003F4885 /* Release */ = {
			isa = XCBuildConfiguration;
			buildSettings = {
				ASSETCATALOG_COMPILER_APPICON_NAME = AppIcon;
				ASSETCATALOG_COMPILER_GLOBAL_ACCENT_COLOR_NAME = AccentColor;
				CODE_SIGN_STYLE = Automatic;
				CURRENT_PROJECT_VERSION = 1;
				DEVELOPMENT_TEAM = YLC6VMTL46;
				GENERATE_INFOPLIST_FILE = YES;
				INFOPLIST_FILE = HelloWorld/Info.plist;
				INFOPLIST_KEY_CFBundleDisplayName = Hello;
				INFOPLIST_KEY_UIApplicationSupportsIndirectInputEvents = YES;
				INFOPLIST_KEY_UILaunchStoryboardName = LaunchScreen;
				INFOPLIST_KEY_UIMainStoryboardFile = Main;
				INFOPLIST_KEY_UISupportedInterfaceOrientations_iPad = "UIInterfaceOrientationPortrait UIInterfaceOrientationPortraitUpsideDown UIInterfaceOrientationLandscapeLeft UIInterfaceOrientationLandscapeRight";
				INFOPLIST_KEY_UISupportedInterfaceOrientations_iPhone = "UIInterfaceOrientationPortrait UIInterfaceOrientationLandscapeLeft UIInterfaceOrientationLandscapeRight";
				LD_RUNPATH_SEARCH_PATHS = (
					"$(inherited)",
					"@executable_path/Frameworks",
				);
				MARKETING_VERSION = 1.0;
				PRODUCT_BUNDLE_IDENTIFIER = com.amayakejriwal.HelloWorld;
				PRODUCT_NAME = "$(TARGET_NAME)";
				SWIFT_EMIT_LOC_STRINGS = YES;
				SWIFT_VERSION = 5.0;
				TARGETED_DEVICE_FAMILY = "1,2";
			};
			name = Release;
		};
		85CC1E5F27F6B3F3003F4885 /* Debug */ = {
			isa = XCBuildConfiguration;
			buildSettings = {
				ALWAYS_EMBED_SWIFT_STANDARD_LIBRARIES = YES;
				BUNDLE_LOADER = "$(TEST_HOST)";
				CODE_SIGN_STYLE = Automatic;
				CURRENT_PROJECT_VERSION = 1;
				DEVELOPMENT_TEAM = YLC6VMTL46;
				GENERATE_INFOPLIST_FILE = YES;
				IPHONEOS_DEPLOYMENT_TARGET = 15.4;
				MARKETING_VERSION = 1.0;
				PRODUCT_BUNDLE_IDENTIFIER = com.amayakejriwal.HelloWorldTests;
				PRODUCT_NAME = "$(TARGET_NAME)";
				SWIFT_EMIT_LOC_STRINGS = NO;
				SWIFT_VERSION = 5.0;
				TARGETED_DEVICE_FAMILY = "1,2";
				TEST_HOST = "$(BUILT_PRODUCTS_DIR)/HelloWorld.app/HelloWorld";
			};
			name = Debug;
		};
		85CC1E6027F6B3F3003F4885 /* Release */ = {
			isa = XCBuildConfiguration;
			buildSettings = {
				ALWAYS_EMBED_SWIFT_STANDARD_LIBRARIES = YES;
				BUNDLE_LOADER = "$(TEST_HOST)";
				CODE_SIGN_STYLE = Automatic;
				CURRENT_PROJECT_VERSION = 1;
				DEVELOPMENT_TEAM = YLC6VMTL46;
				GENERATE_INFOPLIST_FILE = YES;
				IPHONEOS_DEPLOYMENT_TARGET = 15.4;
				MARKETING_VERSION = 1.0;
				PRODUCT_BUNDLE_IDENTIFIER = com.amayakejriwal.HelloWorldTests;
				PRODUCT_NAME = "$(TARGET_NAME)";
				SWIFT_EMIT_LOC_STRINGS = NO;
				SWIFT_VERSION = 5.0;
				TARGETED_DEVICE_FAMILY = "1,2";
				TEST_HOST = "$(BUILT_PRODUCTS_DIR)/HelloWorld.app/HelloWorld";
			};
			name = Release;
		};
		85CC1E6227F6B3F3003F4885 /* Debug */ = {
			isa = XCBuildConfiguration;
			buildSettings = {
				ALWAYS_EMBED_SWIFT_STANDARD_LIBRARIES = YES;
				CODE_SIGN_STYLE = Automatic;
				CURRENT_PROJECT_VERSION = 1;
				DEVELOPMENT_TEAM = YLC6VMTL46;
				GENERATE_INFOPLIST_FILE = YES;
				MARKETING_VERSION = 1.0;
				PRODUCT_BUNDLE_IDENTIFIER = com.amayakejriwal.HelloWorldUITests;
				PRODUCT_NAME = "$(TARGET_NAME)";
				SWIFT_EMIT_LOC_STRINGS = NO;
				SWIFT_VERSION = 5.0;
				TARGETED_DEVICE_FAMILY = "1,2";
				TEST_TARGET_NAME = HelloWorld;
			};
			name = Debug;
		};
		85CC1E6327F6B3F3003F4885 /* Release */ = {
			isa = XCBuildConfiguration;
			buildSettings = {
				ALWAYS_EMBED_SWIFT_STANDARD_LIBRARIES = YES;
				CODE_SIGN_STYLE = Automatic;
				CURRENT_PROJECT_VERSION = 1;
				DEVELOPMENT_TEAM = YLC6VMTL46;
				GENERATE_INFOPLIST_FILE = YES;
				MARKETING_VERSION = 1.0;
				PRODUCT_BUNDLE_IDENTIFIER = com.amayakejriwal.HelloWorldUITests;
				PRODUCT_NAME = "$(TARGET_NAME)";
				SWIFT_EMIT_LOC_STRINGS = NO;
				SWIFT_VERSION = 5.0;
				TARGETED_DEVICE_FAMILY = "1,2";
				TEST_TARGET_NAME = HelloWorld;
			};
			name = Release;
		};
/* End XCBuildConfiguration section */

/* Begin XCConfigurationList section */
		85CC1E2C27F6B3EF003F4885 /* Build configuration list for PBXProject "HelloWorld" */ = {
			isa = XCConfigurationList;
			buildConfigurations = (
				85CC1E5927F6B3F3003F4885 /* Debug */,
				85CC1E5A27F6B3F3003F4885 /* Release */,
			);
			defaultConfigurationIsVisible = 0;
			defaultConfigurationName = Release;
		};
		85CC1E5B27F6B3F3003F4885 /* Build configuration list for PBXNativeTarget "HelloWorld" */ = {
			isa = XCConfigurationList;
			buildConfigurations = (
				85CC1E5C27F6B3F3003F4885 /* Debug */,
				85CC1E5D27F6B3F3003F4885 /* Release */,
			);
			defaultConfigurationIsVisible = 0;
			defaultConfigurationName = Release;
		};
		85CC1E5E27F6B3F3003F4885 /* Build configuration list for PBXNativeTarget "HelloWorldTests" */ = {
			isa = XCConfigurationList;
			buildConfigurations = (
				85CC1E5F27F6B3F3003F4885 /* Debug */,
				85CC1E6027F6B3F3003F4885 /* Release */,
			);
			defaultConfigurationIsVisible = 0;
			defaultConfigurationName = Release;
		};
		85CC1E6127F6B3F3003F4885 /* Build configuration list for PBXNativeTarget "HelloWorldUITests" */ = {
			isa = XCConfigurationList;
			buildConfigurations = (
				85CC1E6227F6B3F3003F4885 /* Debug */,
				85CC1E6327F6B3F3003F4885 /* Release */,
			);
			defaultConfigurationIsVisible = 0;
			defaultConfigurationName = Release;
		};
/* End XCConfigurationList section */
	};
	rootObject = 85CC1E2927F6B3EF003F4885 /* Project object */;
}
